// !$*UTF8*$!
{
	archiveVersion = 1;
	classes = {
	};
	objectVersion = 46;
	objects = {

/* Begin PBXBuildFile section */
		0CD25171176CCE0600E22553 /* UIKit.framework in Frameworks */ = {isa = PBXBuildFile; fileRef = 0CD25170176CCE0600E22553 /* UIKit.framework */; };
		0CD25173176CCE0600E22553 /* Foundation.framework in Frameworks */ = {isa = PBXBuildFile; fileRef = 0CD25172176CCE0600E22553 /* Foundation.framework */; };
		0CD25175176CCE0600E22553 /* CoreGraphics.framework in Frameworks */ = {isa = PBXBuildFile; fileRef = 0CD25174176CCE0600E22553 /* CoreGraphics.framework */; };
		0CD2517B176CCE0600E22553 /* InfoPlist.strings in Resources */ = {isa = PBXBuildFile; fileRef = 0CD25179176CCE0600E22553 /* InfoPlist.strings */; };
		0CD2517D176CCE0600E22553 /* main.m in Sources */ = {isa = PBXBuildFile; fileRef = 0CD2517C176CCE0600E22553 /* main.m */; };
		0CD25181176CCE0600E22553 /* CCAppDelegate.m in Sources */ = {isa = PBXBuildFile; fileRef = 0CD25180176CCE0600E22553 /* CCAppDelegate.m */; };
		0CD25183176CCE0600E22553 /* Default.png in Resources */ = {isa = PBXBuildFile; fileRef = 0CD25182176CCE0600E22553 /* Default.png */; };
		0CD25185176CCE0600E22553 /* Default@2x.png in Resources */ = {isa = PBXBuildFile; fileRef = 0CD25184176CCE0600E22553 /* Default@2x.png */; };
		0CD25187176CCE0600E22553 /* Default-568h@2x.png in Resources */ = {isa = PBXBuildFile; fileRef = 0CD25186176CCE0600E22553 /* Default-568h@2x.png */; };
		0CD25190176CCE3B00E22553 /* CCNewsListVC.m in Sources */ = {isa = PBXBuildFile; fileRef = 0CD2518E176CCE3B00E22553 /* CCNewsListVC.m */; };
		0CD25191176CCE3B00E22553 /* CCNewsListVC.xib in Resources */ = {isa = PBXBuildFile; fileRef = 0CD2518F176CCE3B00E22553 /* CCNewsListVC.xib */; };
		0CD25199176CCF5D00E22553 /* Frame-1.png in Resources */ = {isa = PBXBuildFile; fileRef = 0CD25193176CCF5D00E22553 /* Frame-1.png */; };
		0CD2519A176CCF5D00E22553 /* Frame-1@2x.png in Resources */ = {isa = PBXBuildFile; fileRef = 0CD25194176CCF5D00E22553 /* Frame-1@2x.png */; };
		0CD2519B176CCF5D00E22553 /* Frame-2.png in Resources */ = {isa = PBXBuildFile; fileRef = 0CD25195176CCF5D00E22553 /* Frame-2.png */; };
		0CD2519C176CCF5D00E22553 /* Frame-2@2x.png in Resources */ = {isa = PBXBuildFile; fileRef = 0CD25196176CCF5D00E22553 /* Frame-2@2x.png */; };
		0CD2519D176CCF5D00E22553 /* Frame-3.png in Resources */ = {isa = PBXBuildFile; fileRef = 0CD25197176CCF5D00E22553 /* Frame-3.png */; };
		0CD2519E176CCF5D00E22553 /* Frame-3@2x.png in Resources */ = {isa = PBXBuildFile; fileRef = 0CD25198176CCF5D00E22553 /* Frame-3@2x.png */; };
		0CD251A1176CD62D00E22553 /* Frame-4.png in Resources */ = {isa = PBXBuildFile; fileRef = 0CD2519F176CD62D00E22553 /* Frame-4.png */; };
		0CD251A2176CD62D00E22553 /* Frame-4@2x.png in Resources */ = {isa = PBXBuildFile; fileRef = 0CD251A0176CD62D00E22553 /* Frame-4@2x.png */; };
		0CED510E176CDA3F004253DF /* Frame-5.png in Resources */ = {isa = PBXBuildFile; fileRef = 0CED510A176CDA3F004253DF /* Frame-5.png */; };
		0CED510F176CDA3F004253DF /* Frame-5@2x.png in Resources */ = {isa = PBXBuildFile; fileRef = 0CED510B176CDA3F004253DF /* Frame-5@2x.png */; };
		0CED5110176CDA3F004253DF /* Frame-6.png in Resources */ = {isa = PBXBuildFile; fileRef = 0CED510C176CDA3F004253DF /* Frame-6.png */; };
		0CED5111176CDA3F004253DF /* Frame-6@2x.png in Resources */ = {isa = PBXBuildFile; fileRef = 0CED510D176CDA3F004253DF /* Frame-6@2x.png */; };
		0CED5116176CDF5B004253DF /* CCCollectionViewCell.xib in Resources */ = {isa = PBXBuildFile; fileRef = 0CED5115176CDF5B004253DF /* CCCollectionViewCell.xib */; };
		0CED511B176CE702004253DF /* CCCollectionViewCell.m in Sources */ = {isa = PBXBuildFile; fileRef = 0CED511A176CE702004253DF /* CCCollectionViewCell.m */; };
		0CED511D176CEB0D004253DF /* CCCollectionViewFooter.xib in Resources */ = {isa = PBXBuildFile; fileRef = 0CED511C176CEB0D004253DF /* CCCollectionViewFooter.xib */; };
		0CED5120176CEBBD004253DF /* CCCollectionViewFooter.m in Sources */ = {isa = PBXBuildFile; fileRef = 0CED511F176CEBBD004253DF /* CCCollectionViewFooter.m */; };
		0CED5123176D6EBE004253DF /* Line.png in Resources */ = {isa = PBXBuildFile; fileRef = 0CED5121176D6EBE004253DF /* Line.png */; };
		0CED5124176D6EBE004253DF /* Line@2x.png in Resources */ = {isa = PBXBuildFile; fileRef = 0CED5122176D6EBE004253DF /* Line@2x.png */; };
		0CED5128176D7517004253DF /* CCNewsItemVC.m in Sources */ = {isa = PBXBuildFile; fileRef = 0CED5126176D7517004253DF /* CCNewsItemVC.m */; };
		0CED5129176D7517004253DF /* CCNewsItemVC.xib in Resources */ = {isa = PBXBuildFile; fileRef = 0CED5127176D7517004253DF /* CCNewsItemVC.xib */; };
		0CED512C176D7EC7004253DF /* CCNewsItemCollectionViewCell.m in Sources */ = {isa = PBXBuildFile; fileRef = 0CED512B176D7EC7004253DF /* CCNewsItemCollectionViewCell.m */; };
		0CED512E176D7EDB004253DF /* CCNewsItemCollectionViewCell.xib in Resources */ = {isa = PBXBuildFile; fileRef = 0CED512D176D7EDB004253DF /* CCNewsItemCollectionViewCell.xib */; };
/* End PBXBuildFile section */

/* Begin PBXFileReference section */
		0CD2516D176CCE0600E22553 /* GlowingLoadingIndicator.app */ = {isa = PBXFileReference; explicitFileType = wrapper.application; includeInIndex = 0; path = GlowingLoadingIndicator.app; sourceTree = BUILT_PRODUCTS_DIR; };
		0CD25170176CCE0600E22553 /* UIKit.framework */ = {isa = PBXFileReference; lastKnownFileType = wrapper.framework; name = UIKit.framework; path = System/Library/Frameworks/UIKit.framework; sourceTree = SDKROOT; };
		0CD25172176CCE0600E22553 /* Foundation.framework */ = {isa = PBXFileReference; lastKnownFileType = wrapper.framework; name = Foundation.framework; path = System/Library/Frameworks/Foundation.framework; sourceTree = SDKROOT; };
		0CD25174176CCE0600E22553 /* CoreGraphics.framework */ = {isa = PBXFileReference; lastKnownFileType = wrapper.framework; name = CoreGraphics.framework; path = System/Library/Frameworks/CoreGraphics.framework; sourceTree = SDKROOT; };
		0CD25178176CCE0600E22553 /* GlowingLoadingIndicator-Info.plist */ = {isa = PBXFileReference; lastKnownFileType = text.plist.xml; path = "GlowingLoadingIndicator-Info.plist"; sourceTree = "<group>"; };
		0CD2517A176CCE0600E22553 /* en */ = {isa = PBXFileReference; lastKnownFileType = text.plist.strings; name = en; path = en.lproj/InfoPlist.strings; sourceTree = "<group>"; };
		0CD2517C176CCE0600E22553 /* main.m */ = {isa = PBXFileReference; lastKnownFileType = sourcecode.c.objc; path = main.m; sourceTree = "<group>"; };
		0CD2517E176CCE0600E22553 /* GlowingLoadingIndicator-Prefix.pch */ = {isa = PBXFileReference; lastKnownFileType = sourcecode.c.h; path = "GlowingLoadingIndicator-Prefix.pch"; sourceTree = "<group>"; };
		0CD2517F176CCE0600E22553 /* CCAppDelegate.h */ = {isa = PBXFileReference; lastKnownFileType = sourcecode.c.h; path = CCAppDelegate.h; sourceTree = "<group>"; };
		0CD25180176CCE0600E22553 /* CCAppDelegate.m */ = {isa = PBXFileReference; lastKnownFileType = sourcecode.c.objc; path = CCAppDelegate.m; sourceTree = "<group>"; };
		0CD25182176CCE0600E22553 /* Default.png */ = {isa = PBXFileReference; lastKnownFileType = image.png; path = Default.png; sourceTree = "<group>"; };
		0CD25184176CCE0600E22553 /* Default@2x.png */ = {isa = PBXFileReference; lastKnownFileType = image.png; path = "Default@2x.png"; sourceTree = "<group>"; };
		0CD25186176CCE0600E22553 /* Default-568h@2x.png */ = {isa = PBXFileReference; lastKnownFileType = image.png; path = "Default-568h@2x.png"; sourceTree = "<group>"; };
		0CD2518D176CCE3B00E22553 /* CCNewsListVC.h */ = {isa = PBXFileReference; fileEncoding = 4; lastKnownFileType = sourcecode.c.h; path = CCNewsListVC.h; sourceTree = "<group>"; };
		0CD2518E176CCE3B00E22553 /* CCNewsListVC.m */ = {isa = PBXFileReference; fileEncoding = 4; lastKnownFileType = sourcecode.c.objc; path = CCNewsListVC.m; sourceTree = "<group>"; };
		0CD2518F176CCE3B00E22553 /* CCNewsListVC.xib */ = {isa = PBXFileReference; fileEncoding = 4; lastKnownFileType = file.xib; path = CCNewsListVC.xib; sourceTree = "<group>"; };
		0CD25193176CCF5D00E22553 /* Frame-1.png */ = {isa = PBXFileReference; lastKnownFileType = image.png; path = "Frame-1.png"; sourceTree = "<group>"; };
		0CD25194176CCF5D00E22553 /* Frame-1@2x.png */ = {isa = PBXFileReference; lastKnownFileType = image.png; path = "Frame-1@2x.png"; sourceTree = "<group>"; };
		0CD25195176CCF5D00E22553 /* Frame-2.png */ = {isa = PBXFileReference; lastKnownFileType = image.png; path = "Frame-2.png"; sourceTree = "<group>"; };
		0CD25196176CCF5D00E22553 /* Frame-2@2x.png */ = {isa = PBXFileReference; lastKnownFileType = image.png; path = "Frame-2@2x.png"; sourceTree = "<group>"; };
		0CD25197176CCF5D00E22553 /* Frame-3.png */ = {isa = PBXFileReference; lastKnownFileType = image.png; path = "Frame-3.png"; sourceTree = "<group>"; };
		0CD25198176CCF5D00E22553 /* Frame-3@2x.png */ = {isa = PBXFileReference; lastKnownFileType = image.png; path = "Frame-3@2x.png"; sourceTree = "<group>"; };
		0CD2519F176CD62D00E22553 /* Frame-4.png */ = {isa = PBXFileReference; lastKnownFileType = image.png; path = "Frame-4.png"; sourceTree = "<group>"; };
		0CD251A0176CD62D00E22553 /* Frame-4@2x.png */ = {isa = PBXFileReference; lastKnownFileType = image.png; path = "Frame-4@2x.png"; sourceTree = "<group>"; };
		0CED510A176CDA3F004253DF /* Frame-5.png */ = {isa = PBXFileReference; lastKnownFileType = image.png; path = "Frame-5.png"; sourceTree = "<group>"; };
		0CED510B176CDA3F004253DF /* Frame-5@2x.png */ = {isa = PBXFileReference; lastKnownFileType = image.png; path = "Frame-5@2x.png"; sourceTree = "<group>"; };
		0CED510C176CDA3F004253DF /* Frame-6.png */ = {isa = PBXFileReference; lastKnownFileType = image.png; path = "Frame-6.png"; sourceTree = "<group>"; };
		0CED510D176CDA3F004253DF /* Frame-6@2x.png */ = {isa = PBXFileReference; lastKnownFileType = image.png; path = "Frame-6@2x.png"; sourceTree = "<group>"; };
		0CED5115176CDF5B004253DF /* CCCollectionViewCell.xib */ = {isa = PBXFileReference; fileEncoding = 4; lastKnownFileType = file.xib; path = CCCollectionViewCell.xib; sourceTree = "<group>"; };
		0CED5119176CE702004253DF /* CCCollectionViewCell.h */ = {isa = PBXFileReference; fileEncoding = 4; lastKnownFileType = sourcecode.c.h; path = CCCollectionViewCell.h; sourceTree = "<group>"; };
		0CED511A176CE702004253DF /* CCCollectionViewCell.m */ = {isa = PBXFileReference; fileEncoding = 4; lastKnownFileType = sourcecode.c.objc; path = CCCollectionViewCell.m; sourceTree = "<group>"; };
		0CED511C176CEB0D004253DF /* CCCollectionViewFooter.xib */ = {isa = PBXFileReference; fileEncoding = 4; lastKnownFileType = file.xib; path = CCCollectionViewFooter.xib; sourceTree = "<group>"; };
		0CED511E176CEBBD004253DF /* CCCollectionViewFooter.h */ = {isa = PBXFileReference; fileEncoding = 4; lastKnownFileType = sourcecode.c.h; path = CCCollectionViewFooter.h; sourceTree = "<group>"; };
		0CED511F176CEBBD004253DF /* CCCollectionViewFooter.m */ = {isa = PBXFileReference; fileEncoding = 4; lastKnownFileType = sourcecode.c.objc; path = CCCollectionViewFooter.m; sourceTree = "<group>"; };
		0CED5121176D6EBE004253DF /* Line.png */ = {isa = PBXFileReference; lastKnownFileType = image.png; path = Line.png; sourceTree = "<group>"; };
		0CED5122176D6EBE004253DF /* Line@2x.png */ = {isa = PBXFileReference; lastKnownFileType = image.png; path = "Line@2x.png"; sourceTree = "<group>"; };
		0CED5125176D7517004253DF /* CCNewsItemVC.h */ = {isa = PBXFileReference; fileEncoding = 4; lastKnownFileType = sourcecode.c.h; path = CCNewsItemVC.h; sourceTree = "<group>"; };
		0CED5126176D7517004253DF /* CCNewsItemVC.m */ = {isa = PBXFileReference; fileEncoding = 4; lastKnownFileType = sourcecode.c.objc; path = CCNewsItemVC.m; sourceTree = "<group>"; };
		0CED5127176D7517004253DF /* CCNewsItemVC.xib */ = {isa = PBXFileReference; fileEncoding = 4; lastKnownFileType = file.xib; path = CCNewsItemVC.xib; sourceTree = "<group>"; };
		0CED512A176D7EC7004253DF /* CCNewsItemCollectionViewCell.h */ = {isa = PBXFileReference; fileEncoding = 4; lastKnownFileType = sourcecode.c.h; path = CCNewsItemCollectionViewCell.h; sourceTree = "<group>"; };
		0CED512B176D7EC7004253DF /* CCNewsItemCollectionViewCell.m */ = {isa = PBXFileReference; fileEncoding = 4; lastKnownFileType = sourcecode.c.objc; path = CCNewsItemCollectionViewCell.m; sourceTree = "<group>"; };
		0CED512D176D7EDB004253DF /* CCNewsItemCollectionViewCell.xib */ = {isa = PBXFileReference; fileEncoding = 4; lastKnownFileType = file.xib; path = CCNewsItemCollectionViewCell.xib; sourceTree = "<group>"; };
/* End PBXFileReference section */

/* Begin PBXFrameworksBuildPhase section */
		0CD2516A176CCE0600E22553 /* Frameworks */ = {
			isa = PBXFrameworksBuildPhase;
			buildActionMask = 2147483647;
			files = (
				0CD25171176CCE0600E22553 /* UIKit.framework in Frameworks */,
				0CD25173176CCE0600E22553 /* Foundation.framework in Frameworks */,
				0CD25175176CCE0600E22553 /* CoreGraphics.framework in Frameworks */,
			);
			runOnlyForDeploymentPostprocessing = 0;
		};
/* End PBXFrameworksBuildPhase section */

/* Begin PBXGroup section */
		0CD25164176CCE0600E22553 = {
			isa = PBXGroup;
			children = (
				0CD25192176CCF5D00E22553 /* Images */,
				0CD25176176CCE0600E22553 /* GlowingLoadingIndicator */,
				0CD2516F176CCE0600E22553 /* Frameworks */,
				0CD2516E176CCE0600E22553 /* Products */,
			);
			sourceTree = "<group>";
		};
		0CD2516E176CCE0600E22553 /* Products */ = {
			isa = PBXGroup;
			children = (
				0CD2516D176CCE0600E22553 /* GlowingLoadingIndicator.app */,
			);
			name = Products;
			sourceTree = "<group>";
		};
		0CD2516F176CCE0600E22553 /* Frameworks */ = {
			isa = PBXGroup;
			children = (
				0CD25170176CCE0600E22553 /* UIKit.framework */,
				0CD25172176CCE0600E22553 /* Foundation.framework */,
				0CD25174176CCE0600E22553 /* CoreGraphics.framework */,
			);
			name = Frameworks;
			sourceTree = "<group>";
		};
		0CD25176176CCE0600E22553 /* GlowingLoadingIndicator */ = {
			isa = PBXGroup;
			children = (
				0CD2517F176CCE0600E22553 /* CCAppDelegate.h */,
				0CD25180176CCE0600E22553 /* CCAppDelegate.m */,
				0CD25177176CCE0600E22553 /* Supporting Files */,
				0CD2518D176CCE3B00E22553 /* CCNewsListVC.h */,
				0CD2518E176CCE3B00E22553 /* CCNewsListVC.m */,
				0CD2518F176CCE3B00E22553 /* CCNewsListVC.xib */,
				0CED5115176CDF5B004253DF /* CCCollectionViewCell.xib */,
				0CED5119176CE702004253DF /* CCCollectionViewCell.h */,
				0CED511A176CE702004253DF /* CCCollectionViewCell.m */,
				0CED511C176CEB0D004253DF /* CCCollectionViewFooter.xib */,
				0CED511E176CEBBD004253DF /* CCCollectionViewFooter.h */,
				0CED511F176CEBBD004253DF /* CCCollectionViewFooter.m */,
				0CED5125176D7517004253DF /* CCNewsItemVC.h */,
				0CED5126176D7517004253DF /* CCNewsItemVC.m */,
				0CED5127176D7517004253DF /* CCNewsItemVC.xib */,
				0CED512A176D7EC7004253DF /* CCNewsItemCollectionViewCell.h */,
				0CED512B176D7EC7004253DF /* CCNewsItemCollectionViewCell.m */,
				0CED512D176D7EDB004253DF /* CCNewsItemCollectionViewCell.xib */,
			);
			path = GlowingLoadingIndicator;
			sourceTree = "<group>";
		};
		0CD25177176CCE0600E22553 /* Supporting Files */ = {
			isa = PBXGroup;
			children = (
				0CD25178176CCE0600E22553 /* GlowingLoadingIndicator-Info.plist */,
				0CD25179176CCE0600E22553 /* InfoPlist.strings */,
				0CD2517C176CCE0600E22553 /* main.m */,
				0CD2517E176CCE0600E22553 /* GlowingLoadingIndicator-Prefix.pch */,
				0CD25182176CCE0600E22553 /* Default.png */,
				0CD25184176CCE0600E22553 /* Default@2x.png */,
				0CD25186176CCE0600E22553 /* Default-568h@2x.png */,
			);
			name = "Supporting Files";
			sourceTree = "<group>";
		};
		0CD25192176CCF5D00E22553 /* Images */ = {
			isa = PBXGroup;
			children = (
				0CED5121176D6EBE004253DF /* Line.png */,
				0CED5122176D6EBE004253DF /* Line@2x.png */,
				0CED510A176CDA3F004253DF /* Frame-5.png */,
				0CED510B176CDA3F004253DF /* Frame-5@2x.png */,
				0CED510C176CDA3F004253DF /* Frame-6.png */,
				0CED510D176CDA3F004253DF /* Frame-6@2x.png */,
				0CD2519F176CD62D00E22553 /* Frame-4.png */,
				0CD251A0176CD62D00E22553 /* Frame-4@2x.png */,
				0CD25193176CCF5D00E22553 /* Frame-1.png */,
				0CD25194176CCF5D00E22553 /* Frame-1@2x.png */,
				0CD25195176CCF5D00E22553 /* Frame-2.png */,
				0CD25196176CCF5D00E22553 /* Frame-2@2x.png */,
				0CD25197176CCF5D00E22553 /* Frame-3.png */,
				0CD25198176CCF5D00E22553 /* Frame-3@2x.png */,
			);
			path = Images;
			sourceTree = "<group>";
		};
/* End PBXGroup section */

/* Begin PBXNativeTarget section */
		0CD2516C176CCE0600E22553 /* GlowingLoadingIndicator */ = {
			isa = PBXNativeTarget;
			buildConfigurationList = 0CD2518A176CCE0600E22553 /* Build configuration list for PBXNativeTarget "GlowingLoadingIndicator" */;
			buildPhases = (
				0CD25169176CCE0600E22553 /* Sources */,
				0CD2516A176CCE0600E22553 /* Frameworks */,
				0CD2516B176CCE0600E22553 /* Resources */,
			);
			buildRules = (
			);
			dependencies = (
			);
			name = GlowingLoadingIndicator;
			productName = GlowingLoadingIndicator;
			productReference = 0CD2516D176CCE0600E22553 /* GlowingLoadingIndicator.app */;
			productType = "com.apple.product-type.application";
		};
/* End PBXNativeTarget section */

/* Begin PBXProject section */
		0CD25165176CCE0600E22553 /* Project object */ = {
			isa = PBXProject;
			attributes = {
				CLASSPREFIX = CC;
				LastUpgradeCheck = 0460;
				ORGANIZATIONNAME = "Cat Cyborg";
			};
			buildConfigurationList = 0CD25168176CCE0600E22553 /* Build configuration list for PBXProject "GlowingLoadingIndicator" */;
			compatibilityVersion = "Xcode 3.2";
			developmentRegion = English;
			hasScannedForEncodings = 0;
			knownRegions = (
				en,
			);
			mainGroup = 0CD25164176CCE0600E22553;
			productRefGroup = 0CD2516E176CCE0600E22553 /* Products */;
			projectDirPath = "";
			projectRoot = "";
			targets = (
				0CD2516C176CCE0600E22553 /* GlowingLoadingIndicator */,
			);
		};
/* End PBXProject section */

/* Begin PBXResourcesBuildPhase section */
		0CD2516B176CCE0600E22553 /* Resources */ = {
			isa = PBXResourcesBuildPhase;
			buildActionMask = 2147483647;
			files = (
				0CD2517B176CCE0600E22553 /* InfoPlist.strings in Resources */,
				0CD25183176CCE0600E22553 /* Default.png in Resources */,
				0CD25185176CCE0600E22553 /* Default@2x.png in Resources */,
				0CD25187176CCE0600E22553 /* Default-568h@2x.png in Resources */,
				0CD25191176CCE3B00E22553 /* CCNewsListVC.xib in Resources */,
				0CD25199176CCF5D00E22553 /* Frame-1.png in Resources */,
				0CD2519A176CCF5D00E22553 /* Frame-1@2x.png in Resources */,
				0CD2519B176CCF5D00E22553 /* Frame-2.png in Resources */,
				0CD2519C176CCF5D00E22553 /* Frame-2@2x.png in Resources */,
				0CD2519D176CCF5D00E22553 /* Frame-3.png in Resources */,
				0CD2519E176CCF5D00E22553 /* Frame-3@2x.png in Resources */,
				0CD251A1176CD62D00E22553 /* Frame-4.png in Resources */,
				0CD251A2176CD62D00E22553 /* Frame-4@2x.png in Resources */,
				0CED510E176CDA3F004253DF /* Frame-5.png in Resources */,
				0CED510F176CDA3F004253DF /* Frame-5@2x.png in Resources */,
				0CED5110176CDA3F004253DF /* Frame-6.png in Resources */,
				0CED5111176CDA3F004253DF /* Frame-6@2x.png in Resources */,
				0CED5116176CDF5B004253DF /* CCCollectionViewCell.xib in Resources */,
				0CED511D176CEB0D004253DF /* CCCollectionViewFooter.xib in Resources */,
				0CED5123176D6EBE004253DF /* Line.png in Resources */,
				0CED5124176D6EBE004253DF /* Line@2x.png in Resources */,
				0CED5129176D7517004253DF /* CCNewsItemVC.xib in Resources */,
				0CED512E176D7EDB004253DF /* CCNewsItemCollectionViewCell.xib in Resources */,
			);
			runOnlyForDeploymentPostprocessing = 0;
		};
/* End PBXResourcesBuildPhase section */

/* Begin PBXSourcesBuildPhase section */
		0CD25169176CCE0600E22553 /* Sources */ = {
			isa = PBXSourcesBuildPhase;
			buildActionMask = 2147483647;
			files = (
				0CD2517D176CCE0600E22553 /* main.m in Sources */,
				0CD25181176CCE0600E22553 /* CCAppDelegate.m in Sources */,
				0CD25190176CCE3B00E22553 /* CCNewsListVC.m in Sources */,
				0CED511B176CE702004253DF /* CCCollectionViewCell.m in Sources */,
				0CED5120176CEBBD004253DF /* CCCollectionViewFooter.m in Sources */,
				0CED5128176D7517004253DF /* CCNewsItemVC.m in Sources */,
				0CED512C176D7EC7004253DF /* CCNewsItemCollectionViewCell.m in Sources */,
			);
			runOnlyForDeploymentPostprocessing = 0;
		};
/* End PBXSourcesBuildPhase section */

/* Begin PBXVariantGroup section */
		0CD25179176CCE0600E22553 /* InfoPlist.strings */ = {
			isa = PBXVariantGroup;
			children = (
				0CD2517A176CCE0600E22553 /* en */,
			);
			name = InfoPlist.strings;
			sourceTree = "<group>";
		};
/* End PBXVariantGroup section */

/* Begin XCBuildConfiguration section */
		0CD25188176CCE0600E22553 /* Debug */ = {
			isa = XCBuildConfiguration;
			buildSettings = {
				ALWAYS_SEARCH_USER_PATHS = NO;
				CLANG_CXX_LANGUAGE_STANDARD = "gnu++0x";
				CLANG_CXX_LIBRARY = "libc++";
				CLANG_ENABLE_OBJC_ARC = YES;
				CLANG_WARN_CONSTANT_CONVERSION = YES;
				CLANG_WARN_EMPTY_BODY = YES;
				CLANG_WARN_ENUM_CONVERSION = YES;
				CLANG_WARN_INT_CONVERSION = YES;
				CLANG_WARN__DUPLICATE_METHOD_MATCH = YES;
				"CODE_SIGN_IDENTITY[sdk=iphoneos*]" = "iPhone Developer";
				COPY_PHASE_STRIP = NO;
				GCC_C_LANGUAGE_STANDARD = gnu99;
				GCC_DYNAMIC_NO_PIC = NO;
				GCC_OPTIMIZATION_LEVEL = 0;
				GCC_PREPROCESSOR_DEFINITIONS = (
					"DEBUG=1",
					"$(inherited)",
				);
				GCC_SYMBOLS_PRIVATE_EXTERN = NO;
				GCC_WARN_ABOUT_RETURN_TYPE = YES;
				GCC_WARN_UNINITIALIZED_AUTOS = YES;
				GCC_WARN_UNUSED_VARIABLE = YES;
				IPHONEOS_DEPLOYMENT_TARGET = 6.1;
				ONLY_ACTIVE_ARCH = YES;
				SDKROOT = iphoneos;
			};
			name = Debug;
		};
		0CD25189176CCE0600E22553 /* Release */ = {
			isa = XCBuildConfiguration;
			buildSettings = {
				ALWAYS_SEARCH_USER_PATHS = NO;
				CLANG_CXX_LANGUAGE_STANDARD = "gnu++0x";
				CLANG_CXX_LIBRARY = "libc++";
				CLANG_ENABLE_OBJC_ARC = YES;
				CLANG_WARN_CONSTANT_CONVERSION = YES;
				CLANG_WARN_EMPTY_BODY = YES;
				CLANG_WARN_ENUM_CONVERSION = YES;
				CLANG_WARN_INT_CONVERSION = YES;
				CLANG_WARN__DUPLICATE_METHOD_MATCH = YES;
				"CODE_SIGN_IDENTITY[sdk=iphoneos*]" = "iPhone Developer";
				COPY_PHASE_STRIP = YES;
				GCC_C_LANGUAGE_STANDARD = gnu99;
				GCC_WARN_ABOUT_RETURN_TYPE = YES;
				GCC_WARN_UNINITIALIZED_AUTOS = YES;
				GCC_WARN_UNUSED_VARIABLE = YES;
				IPHONEOS_DEPLOYMENT_TARGET = 6.1;
				OTHER_CFLAGS = "-DNS_BLOCK_ASSERTIONS=1";
				SDKROOT = iphoneos;
				VALIDATE_PRODUCT = YES;
			};
			name = Release;
		};
		0CD2518B176CCE0600E22553 /* Debug */ = {
			isa = XCBuildConfiguration;
			buildSettings = {
				GCC_PRECOMPILE_PREFIX_HEADER = YES;
				GCC_PREFIX_HEADER = "GlowingLoadingIndicator/GlowingLoadingIndicator-Prefix.pch";
				INFOPLIST_FILE = "GlowingLoadingIndicator/GlowingLoadingIndicator-Info.plist";
				PRODUCT_NAME = "$(TARGET_NAME)";
				WRAPPER_EXTENSION = app;
			};
			name = Debug;
		};
		0CD2518C176CCE0600E22553 /* Release */ = {
			isa = XCBuildConfiguration;
			buildSettings = {
				GCC_PRECOMPILE_PREFIX_HEADER = YES;
				GCC_PREFIX_HEADER = "GlowingLoadingIndicator/GlowingLoadingIndicator-Prefix.pch";
				INFOPLIST_FILE = "GlowingLoadingIndicator/GlowingLoadingIndicator-Info.plist";
				PRODUCT_NAME = "$(TARGET_NAME)";
				WRAPPER_EXTENSION = app;
			};
			name = Release;
		};
/* End XCBuildConfiguration section */

/* Begin XCConfigurationList section */
		0CD25168176CCE0600E22553 /* Build configuration list for PBXProject "GlowingLoadingIndicator" */ = {
			isa = XCConfigurationList;
			buildConfigurations = (
				0CD25188176CCE0600E22553 /* Debug */,
				0CD25189176CCE0600E22553 /* Release */,
			);
			defaultConfigurationIsVisible = 0;
			defaultConfigurationName = Release;
		};
		0CD2518A176CCE0600E22553 /* Build configuration list for PBXNativeTarget "GlowingLoadingIndicator" */ = {
			isa = XCConfigurationList;
			buildConfigurations = (
				0CD2518B176CCE0600E22553 /* Debug */,
				0CD2518C176CCE0600E22553 /* Release */,
			);
			defaultConfigurationIsVisible = 0;
			defaultConfigurationName = Release;
		};
/* End XCConfigurationList section */
	};
	rootObject = 0CD25165176CCE0600E22553 /* Project object */;
}
